
Microsoft Visual Studio Solution File, Format Version 12.00
# Visual Studio 15
VisualStudioVersion = 15.0.26403.7
MinimumVisualStudioVersion = 10.0.40219.1
Project("{FAE04EC0-301F-11D3-BF4B-00C04F79EFBC}") = "ConDep.Console", "ConDep.Console\ConDep.Console.csproj", "{4DC12EF8-6E21-4749-AC5B-15BCBD097A38}"
EndProject
Project("{2150E333-8FDC-42A3-9474-1A3956D46DE8}") = ".nuget", ".nuget", "{6DE24962-AFB4-408B-B610-5A8FB1514B54}"
	ProjectSection(SolutionItems) = preProject
		.nuget\packages.config = .nuget\packages.config
	EndProjectSection
EndProject
Project("{2150E333-8FDC-42A3-9474-1A3956D46DE8}") = "build", "build", "{255E5D05-05DA-4A22-981A-FA40EA520903}"
	ProjectSection(SolutionItems) = preProject
		..\appveyor.yml = ..\appveyor.yml
		..\build\default.ps1 = ..\build\default.ps1
		..\build\install.ps1 = ..\build\install.ps1
	EndProjectSection
EndProject
Project("{FAE04EC0-301F-11D3-BF4B-00C04F79EFBC}") = "ConDep.Dsl", "ConDep.Dsl\ConDep.Dsl.csproj", "{E7EBA0AC-B91D-450F-8A68-5ADCF18FE17E}"
EndProject
Project("{FAE04EC0-301F-11D3-BF4B-00C04F79EFBC}") = "ConDep.Execution", "ConDep.Execution\ConDep.Execution.csproj", "{CD01357A-C6A1-426D-9BA9-B01EAA32CC62}"
EndProject
Project("{FAE04EC0-301F-11D3-BF4B-00C04F79EFBC}") = "ConDep.WebQ.Client", "ConDep.WebQ.Client\ConDep.WebQ.Client.csproj", "{F552A5A9-3250-498D-98AE-2B5D6C63C9B8}"
EndProject
Project("{FAE04EC0-301F-11D3-BF4B-00C04F79EFBC}") = "ConDep.WebQ.Data", "ConDep.WebQ.Data\ConDep.WebQ.Data.csproj", "{F94D1BBC-C4FB-4207-BFBE-B93BA96F55B3}"
EndProject
Global
	GlobalSection(SolutionConfigurationPlatforms) = preSolution
		Debug|Any CPU = Debug|Any CPU
		Release|Any CPU = Release|Any CPU
	EndGlobalSection
	GlobalSection(ProjectConfigurationPlatforms) = postSolution
		{4DC12EF8-6E21-4749-AC5B-15BCBD097A38}.Debug|Any CPU.ActiveCfg = Debug|Any CPU
		{4DC12EF8-6E21-4749-AC5B-15BCBD097A38}.Debug|Any CPU.Build.0 = Debug|Any CPU
		{4DC12EF8-6E21-4749-AC5B-15BCBD097A38}.Release|Any CPU.ActiveCfg = Release|Any CPU
		{4DC12EF8-6E21-4749-AC5B-15BCBD097A38}.Release|Any CPU.Build.0 = Release|Any CPU
		{E7EBA0AC-B91D-450F-8A68-5ADCF18FE17E}.Debug|Any CPU.ActiveCfg = Debug|Any CPU
		{E7EBA0AC-B91D-450F-8A68-5ADCF18FE17E}.Debug|Any CPU.Build.0 = Debug|Any CPU
		{E7EBA0AC-B91D-450F-8A68-5ADCF18FE17E}.Release|Any CPU.ActiveCfg = Release|Any CPU
		{E7EBA0AC-B91D-450F-8A68-5ADCF18FE17E}.Release|Any CPU.Build.0 = Release|Any CPU
		{CD01357A-C6A1-426D-9BA9-B01EAA32CC62}.Debug|Any CPU.ActiveCfg = Debug|Any CPU
		{CD01357A-C6A1-426D-9BA9-B01EAA32CC62}.Debug|Any CPU.Build.0 = Debug|Any CPU
		{CD01357A-C6A1-426D-9BA9-B01EAA32CC62}.Release|Any CPU.ActiveCfg = Release|Any CPU
		{CD01357A-C6A1-426D-9BA9-B01EAA32CC62}.Release|Any CPU.Build.0 = Release|Any CPU
		{F552A5A9-3250-498D-98AE-2B5D6C63C9B8}.Debug|Any CPU.ActiveCfg = Debug|Any CPU
		{F552A5A9-3250-498D-98AE-2B5D6C63C9B8}.Debug|Any CPU.Build.0 = Debug|Any CPU
		{F552A5A9-3250-498D-98AE-2B5D6C63C9B8}.Release|Any CPU.ActiveCfg = Release|Any CPU
		{F552A5A9-3250-498D-98AE-2B5D6C63C9B8}.Release|Any CPU.Build.0 = Release|Any CPU
		{F94D1BBC-C4FB-4207-BFBE-B93BA96F55B3}.Debug|Any CPU.ActiveCfg = Debug|Any CPU
		{F94D1BBC-C4FB-4207-BFBE-B93BA96F55B3}.Debug|Any CPU.Build.0 = Debug|Any CPU
		{F94D1BBC-C4FB-4207-BFBE-B93BA96F55B3}.Release|Any CPU.ActiveCfg = Release|Any CPU
		{F94D1BBC-C4FB-4207-BFBE-B93BA96F55B3}.Release|Any CPU.Build.0 = Release|Any CPU
	EndGlobalSection
	GlobalSection(SolutionProperties) = preSolution
		HideSolutionNode = FALSE
	EndGlobalSection
EndGlobal
